<?xml version="1.0" encoding="utf-8"?>
<Project ToolsVersion="4.0" xmlns="http://schemas.microsoft.com/developer/msbuild/2003">
  <ItemGroup>
    <Filter Include="소스 파일">
      <UniqueIdentifier>{4FC737F1-C7A5-4376-A066-2A32D752A2FF}</UniqueIdentifier>
      <Extensions>cpp;c;cc;cxx;c++;cppm;ixx;def;odl;idl;hpj;bat;asm;asmx</Extensions>
    </Filter>
    <Filter Include="헤더 파일">
      <UniqueIdentifier>{93995380-89BD-4b04-88EB-625FBE52EBFB}</UniqueIdentifier>
      <Extensions>h;hh;hpp;hxx;h++;hm;inl;inc;ipp;xsd</Extensions>
    </Filter>
    <Filter Include="리소스 파일">
      <UniqueIdentifier>{67DA6AB6-F800-4c08-8B7A-83BB121AAD01}</UniqueIdentifier>
      <Extensions>rc;ico;cur;bmp;dlg;rc2;rct;bin;rgs;gif;jpg;jpeg;jpe;resx;tiff;tif;png;wav;mfcribbon-ms</Extensions>
    </Filter>
    <Filter Include="소스 파일\0주차">
      <UniqueIdentifier>{b0e7757c-1600-4e82-a4e6-cb62eff82103}</UniqueIdentifier>
    </Filter>
  </ItemGroup>
  <ItemGroup>
    <ClCompile Include="A-일곱난쟁이.cpp">
      <Filter>소스 파일\0주차</Filter>
    </ClCompile>
    <ClCompile Include="B-알파벳개수.cpp">
      <Filter>소스 파일\0주차</Filter>
    </ClCompile>
    <ClCompile Include="C-트럭주차.cpp">
      <Filter>소스 파일\0주차</Filter>
    </ClCompile>
    <ClCompile Include="D-팰린드롬인지 확인하기.cpp">
      <Filter>소스 파일\0주차</Filter>
    </ClCompile>
    <ClCompile Include="E-농구경기.cpp">
      <Filter>소스 파일\0주차</Filter>
    </ClCompile>
    <ClCompile Include="F-ROT13.cpp">
      <Filter>소스 파일\0주차</Filter>
    </ClCompile>
    <ClCompile Include="G-한국이 그리울 땐 서버로 접속하지.cpp">
      <Filter>소스 파일\0주차</Filter>
    </ClCompile>
    <ClCompile Include="H-수열.cpp">
      <Filter>소스 파일\0주차</Filter>
    </ClCompile>
    <ClCompile Include="I-나는야 포켓몬 마스터 이다솜.cpp">
      <Filter>소스 파일\0주차</Filter>
    </ClCompile>
    <ClCompile Include="J-패션왕 신해빈.cpp">
      <Filter>소스 파일\0주차</Filter>
    </ClCompile>
    <ClCompile Include="K-팰린드롬 만들기.cpp">
      <Filter>소스 파일\0주차</Filter>
    </ClCompile>
    <ClCompile Include="L-주몽.cpp">
      <Filter>소스 파일\0주차</Filter>
    </ClCompile>
    <ClCompile Include="M-좋은 단어.cpp">
      <Filter>소스 파일\0주차</Filter>
    </ClCompile>
    <ClCompile Include="I-1.cpp">
      <Filter>소스 파일</Filter>
    </ClCompile>
  </ItemGroup>
</Project>